<?xml version="1.0" encoding="utf-8"?>
<Project ToolsVersion="4.0" xmlns="http://schemas.microsoft.com/developer/msbuild/2003">
  <ItemGroup>
    <Filter Include="FX Files">
      <UniqueIdentifier>{d739b6f3-f7ed-478c-b6a1-ca9de04cf8e0}</UniqueIdentifier>
    </Filter>
    <Filter Include="Z테스트">
      <UniqueIdentifier>{01978b5a-ca7e-4368-b5ba-104d8c615b2b}</UniqueIdentifier>
    </Filter>
    <Filter Include="Z테스트\김만웅">
      <UniqueIdentifier>{fd0ebae9-efab-4380-8f88-5f7c31338496}</UniqueIdentifier>
    </Filter>
    <Filter Include="Z테스트\김만웅\00.로딩바">
      <UniqueIdentifier>{b4958c71-6179-4893-ace0-6d0822eb97cd}</UniqueIdentifier>
    </Filter>
    <Filter Include="Z테스트\김만웅\01.로딩%28멀티쓰레드%29">
      <UniqueIdentifier>{a029890b-7525-4576-8000-574479f3492e}</UniqueIdentifier>
    </Filter>
    <Filter Include="Z테스트\김태승">
      <UniqueIdentifier>{a7965570-cd23-47fc-a6c0-0da14dc3eab1}</UniqueIdentifier>
    </Filter>
    <Filter Include="Z테스트\김태훈">
      <UniqueIdentifier>{e6c94347-385c-4b2c-af9e-fc69d9c25706}</UniqueIdentifier>
    </Filter>
    <Filter Include="Z테스트\이현수">
      <UniqueIdentifier>{d1f5d6e0-5f98-47f0-a12f-5badd3d91d71}</UniqueIdentifier>
    </Filter>
    <Filter Include="Z테스트\이현총">
      <UniqueIdentifier>{58902e39-b2bd-4ad8-bba6-fc69be3df71f}</UniqueIdentifier>
    </Filter>
    <Filter Include="Z테스트\이현총\dx파티클">
      <UniqueIdentifier>{adbca726-28b4-49e2-b7e8-08545dba2f48}</UniqueIdentifier>
    </Filter>
    <Filter Include="Z테스트\이현총\dx파티클\모듈">
      <UniqueIdentifier>{f0944b83-cb55-4449-a011-5fa582cba929}</UniqueIdentifier>
    </Filter>
    <Filter Include="Z테스트\이현총\dx파티클\이미터">
      <UniqueIdentifier>{cb7c5640-5766-41db-925e-00697431f376}</UniqueIdentifier>
    </Filter>
    <Filter Include="Z테스트\이현총\dx파티클\파티클 매니져">
      <UniqueIdentifier>{ccb22cac-61f4-411d-ac40-3a492466e032}</UniqueIdentifier>
    </Filter>
    <Filter Include="Z테스트\이현총\dx파티클\모듈\모듈키트">
      <UniqueIdentifier>{4bea8af7-4480-4f45-a681-888fcce21c7e}</UniqueIdentifier>
    </Filter>
    <Filter Include="Z테스트\이현총\dx파티클\모듈\모듈모음">
      <UniqueIdentifier>{f0460e1e-e6b4-4376-ba01-387ce80091da}</UniqueIdentifier>
    </Filter>
    <Filter Include="Z테스트\이현총\테스트용">
      <UniqueIdentifier>{ba7b33f9-39b4-4e72-b35c-6d80956a1859}</UniqueIdentifier>
    </Filter>
    <Filter Include="GameFramework3D">
      <UniqueIdentifier>{c8dd825d-2bd9-4556-b535-28ce64c7a21b}</UniqueIdentifier>
    </Filter>
    <Filter Include="GameFramework3D\MyUtil">
      <UniqueIdentifier>{82d0c768-8547-4083-a94a-e793b97fd363}</UniqueIdentifier>
    </Filter>
    <Filter Include="GameFramework3D\BaseObject">
      <UniqueIdentifier>{5ebd70fc-3d7c-4788-aff5-067692d58dda}</UniqueIdentifier>
    </Filter>
    <Filter Include="GameFramework3D\Terrain">
      <UniqueIdentifier>{3ddf39fc-731f-4f5c-b83f-0993a4e2d08a}</UniqueIdentifier>
    </Filter>
    <Filter Include="GameFramework3D\Transform">
      <UniqueIdentifier>{7fc2d724-5147-4cad-9267-42f59a5694e6}</UniqueIdentifier>
    </Filter>
    <Filter Include="GameFramework3D\Light">
      <UniqueIdentifier>{0886260c-2111-4370-bc10-3e67a06e88f9}</UniqueIdentifier>
    </Filter>
    <Filter Include="GameFramework3D\Camera">
      <UniqueIdentifier>{619bcb28-7856-48e7-8646-11769b6e75cd}</UniqueIdentifier>
    </Filter>
    <Filter Include="GameFramework3D\SkinnedAni">
      <UniqueIdentifier>{615b43d5-a2b4-45eb-bfff-91802031d7c2}</UniqueIdentifier>
    </Filter>
    <Filter Include="GameFramework3D\xMesh">
      <UniqueIdentifier>{6f085a66-dede-4155-976d-f16732491c00}</UniqueIdentifier>
    </Filter>
    <Filter Include="GameFramework3D\Particle">
      <UniqueIdentifier>{c204f9bf-d7bc-4de8-9da9-a485cdb0cd4c}</UniqueIdentifier>
    </Filter>
    <Filter Include="GameFramework3D\Frustum">
      <UniqueIdentifier>{60ee832d-3b10-4d99-8a4b-1fa16028e3bb}</UniqueIdentifier>
    </Filter>
    <Filter Include="GameFramework3D\GameObject">
      <UniqueIdentifier>{76f25462-bdf9-450b-a0e0-c61896956c3f}</UniqueIdentifier>
    </Filter>
    <Filter Include="GameFramework3D\Object">
      <UniqueIdentifier>{b2100f4e-e003-4567-9559-5aa13ef0cdd8}</UniqueIdentifier>
    </Filter>
    <Filter Include="GameFramework3D\Picking">
      <UniqueIdentifier>{2068e408-93a9-473d-a34b-1d0749859c99}</UniqueIdentifier>
    </Filter>
    <Filter Include="GameFramework3D\Action">
      <UniqueIdentifier>{1357b203-b657-45e5-9515-b4fb0c2a838b}</UniqueIdentifier>
    </Filter>
    <Filter Include="GameFramework3D\dijkstra">
      <UniqueIdentifier>{04bcc1df-4c1a-48bb-a281-8ad9be0a5b5a}</UniqueIdentifier>
    </Filter>
    <Filter Include="GameFramework3D\Node">
      <UniqueIdentifier>{414693ff-75af-47c4-8c35-82ff015fb3c0}</UniqueIdentifier>
    </Filter>
    <Filter Include="GameFramework3D\ActionBoss">
      <UniqueIdentifier>{56d09b57-16cd-4ec0-bb84-f0323e64432a}</UniqueIdentifier>
    </Filter>
    <Filter Include="GameFramework3D\BoundBox">
      <UniqueIdentifier>{d4bef6e2-fcd0-4de1-8ec6-95265d04cbf8}</UniqueIdentifier>
    </Filter>
    <Filter Include="GameFramework3D\Monster">
      <UniqueIdentifier>{4b80f731-a373-43b2-9a98-b5715dd477cc}</UniqueIdentifier>
    </Filter>
    <Filter Include="Z테스트\김태훈\xPlayer">
      <UniqueIdentifier>{7347c473-da58-457e-a5fa-2da6de176e8e}</UniqueIdentifier>
    </Filter>
    <Filter Include="Z테스트\김태훈\FMOD">
      <UniqueIdentifier>{cdd219b6-6f75-4ce1-ac47-b114f362ada4}</UniqueIdentifier>
    </Filter>
    <Filter Include="Z테스트\김태훈\xNpc">
      <UniqueIdentifier>{0a6fa222-fb53-41f1-9cba-f68ea572cf1a}</UniqueIdentifier>
    </Filter>
    <Filter Include="GameFramework3D\GameNode">
      <UniqueIdentifier>{92873c9d-1e72-4d1b-b1b4-328b97a71ce1}</UniqueIdentifier>
    </Filter>
    <Filter Include="GameManager%28매크로%29">
      <UniqueIdentifier>{21275c07-e6f0-4213-b160-13f824b2251c}</UniqueIdentifier>
    </Filter>
    <Filter Include="GameManager%28매크로%29\Object">
      <UniqueIdentifier>{1ea0530a-fb4a-4471-bef5-900a71b27a76}</UniqueIdentifier>
    </Filter>
    <Filter Include="GameManager%28매크로%29\Texture">
      <UniqueIdentifier>{61b9e73f-0bc9-461f-bdd3-9c30d034c5ef}</UniqueIdentifier>
    </Filter>
    <Filter Include="GameManager%28매크로%29\Filepath">
      <UniqueIdentifier>{06caf2a0-8213-4831-bdbc-b08a2c56ea17}</UniqueIdentifier>
    </Filter>
    <Filter Include="GameManager%28매크로%29\Map">
      <UniqueIdentifier>{e400a4cc-58aa-4ff6-8299-6e32f0958495}</UniqueIdentifier>
    </Filter>
    <Filter Include="GameManager%28상속%29">
      <UniqueIdentifier>{369f663f-3514-4640-a917-6059f473774b}</UniqueIdentifier>
    </Filter>
    <Filter Include="GameManager%28상속%29\Resource">
      <UniqueIdentifier>{618d8c5d-ef08-4959-9d24-f3c96cedcd63}</UniqueIdentifier>
    </Filter>
    <Filter Include="GameManager%28상속%29\IO">
      <UniqueIdentifier>{9a382a7e-ed0b-4fe2-b635-5e616124b469}</UniqueIdentifier>
    </Filter>
    <Filter Include="GameManager%28상속%29\Camera">
      <UniqueIdentifier>{23d39210-b985-4572-aa25-f6955dbbc004}</UniqueIdentifier>
    </Filter>
    <Filter Include="GameManager%28상속%29\Font">
      <UniqueIdentifier>{42bc13c2-c3fa-4750-9286-97b15d3ea8d2}</UniqueIdentifier>
    </Filter>
    <Filter Include="GameManager%28상속%29\Gizmo">
      <UniqueIdentifier>{0073e84f-e28e-45be-8656-e90b21dba2f5}</UniqueIdentifier>
    </Filter>
    <Filter Include="GameManager%28상속%29\Key">
      <UniqueIdentifier>{fdef8ca4-cae3-4006-b7f2-22b87cd1767f}</UniqueIdentifier>
    </Filter>
    <Filter Include="GameManager%28상속%29\Physics">
      <UniqueIdentifier>{32563d8a-09ea-42ed-9598-ee0f0df6e35c}</UniqueIdentifier>
    </Filter>
    <Filter Include="GameManager%28상속%29\Scene">
      <UniqueIdentifier>{94c57b09-79ad-4269-b6e1-aa11d38f905a}</UniqueIdentifier>
    </Filter>
    <Filter Include="GameManager%28상속%29\Sprite">
      <UniqueIdentifier>{1308d416-39fa-44b1-9d62-35706ba280b7}</UniqueIdentifier>
    </Filter>
    <Filter Include="GameManager%28상속%29\Time">
      <UniqueIdentifier>{6f184a5e-f3af-4f2b-8ae8-978c498b2bc4}</UniqueIdentifier>
    </Filter>
    <Filter Include="Main">
      <UniqueIdentifier>{03a573a8-7190-406d-a729-1dd0b1c29548}</UniqueIdentifier>
    </Filter>
    <Filter Include="GameFramework3D\Environment">
      <UniqueIdentifier>{98315c07-d6fe-4447-88e0-383127a34387}</UniqueIdentifier>
    </Filter>
    <Filter Include="팀 포트폴리오">
      <UniqueIdentifier>{217de447-9077-4a6b-be06-d0d41ba8859c}</UniqueIdentifier>
    </Filter>
    <Filter Include="Z테스트\김만웅\02.지형테스트">
      <UniqueIdentifier>{21e16082-da14-46cf-9315-f831f3533c4a}</UniqueIdentifier>
    </Filter>
    <Filter Include="Z테스트\김만웅\03.이미지테스트">
      <UniqueIdentifier>{46dda16a-bb3a-4450-90e9-fc86b585d96e}</UniqueIdentifier>
    </Filter>
    <Filter Include="GameManager%28매크로%29\DxImg">
      <UniqueIdentifier>{a98025b6-ee24-40fc-ae6a-88af08506cbb}</UniqueIdentifier>
    </Filter>
    <Filter Include="GameFramework3D\DxImg">
      <UniqueIdentifier>{d8cec934-c656-4c0b-92a6-a9a991486b4f}</UniqueIdentifier>
    </Filter>
    <Filter Include="Z테스트\김만웅\04.GameUI">
      <UniqueIdentifier>{b789bd82-fa71-4ce3-a6cb-c1372efd626a}</UniqueIdentifier>
    </Filter>
    <Filter Include="Z테스트\김만웅\04.GameUI\05.Start%28미완성%29">
      <UniqueIdentifier>{c04a776f-ce53-4880-845f-249090c8508d}</UniqueIdentifier>
    </Filter>
    <Filter Include="Z테스트\김만웅\04.GameUI\00.Object">
      <UniqueIdentifier>{f5750b29-a518-4f91-9253-6d912bba683a}</UniqueIdentifier>
    </Filter>
    <Filter Include="Z테스트\김만웅\04.GameUI\01.ImageView">
      <UniqueIdentifier>{b461c23d-9cd0-4f50-8f2f-397a80e6c9cd}</UniqueIdentifier>
    </Filter>
    <Filter Include="Z테스트\김만웅\04.GameUI\02.Button">
      <UniqueIdentifier>{1011b1a7-5d35-46bf-bf6b-b8348c00344b}</UniqueIdentifier>
    </Filter>
    <Filter Include="Z테스트\김만웅\04.GameUI\03.LoadingBar">
      <UniqueIdentifier>{3f64c98b-e558-4a7d-b6da-fcfcf7f971f4}</UniqueIdentifier>
    </Filter>
    <Filter Include="Z테스트\김만웅\04.GameUI\04.Loading%28멀티쓰레드%29">
      <UniqueIdentifier>{2dd94494-d1d2-48a2-9e0c-00bce90e4a06}</UniqueIdentifier>
    </Filter>
    <Filter Include="GameManager%28매크로%29\Xmesh">
      <UniqueIdentifier>{75b0090b-10ef-4ae9-8a08-98b25e469cd8}</UniqueIdentifier>
    </Filter>
    <Filter Include="팀 포트폴리오\00.Scene">
      <UniqueIdentifier>{c12dd585-052f-4b6b-b520-0eadf3a6694c}</UniqueIdentifier>
    </Filter>
    <Filter Include="팀 포트폴리오\00.Scene\02.Maptool">
      <UniqueIdentifier>{18c3d375-1257-4174-897d-bda9bdaf6349}</UniqueIdentifier>
    </Filter>
    <Filter Include="팀 포트폴리오\00.Scene\01.Start">
      <UniqueIdentifier>{96956a81-4418-43f2-a6f9-a2a4bef1c5f5}</UniqueIdentifier>
    </Filter>
    <Filter Include="Z테스트\이현총\dx파티클\파티클 텍스쳐 매니저">
      <UniqueIdentifier>{888a03d2-319f-4f0d-a5b0-9e2288a78bae}</UniqueIdentifier>
    </Filter>
    <Filter Include="Z테스트\김만웅\05.UI 재설계">
      <UniqueIdentifier>{ae1a19a6-c210-4b44-997f-93cf0dadef79}</UniqueIdentifier>
    </Filter>
    <Filter Include="팀 포트폴리오\01.맵툴">
      <UniqueIdentifier>{9fdf0078-6728-46c2-b25b-8f1d8f4a89d5}</UniqueIdentifier>
    </Filter>
    <Filter Include="팀 포트폴리오\01.맵툴\1.라이트뷰">
      <UniqueIdentifier>{7b94afa0-441e-4c64-b01c-9f0f415af4d8}</UniqueIdentifier>
    </Filter>
    <Filter Include="팀 포트폴리오\01.맵툴\1.라이트뷰\1.스몰그리드">
      <UniqueIdentifier>{93b03419-dcde-4d9d-a2d1-652854ae0fbb}</UniqueIdentifier>
    </Filter>
    <Filter Include="팀 포트폴리오\01.맵툴\1.라이트뷰\2.라이트맵툴">
      <UniqueIdentifier>{66146b7f-05af-49e2-b479-a366d2d50436}</UniqueIdentifier>
    </Filter>
    <Filter Include="팀 포트폴리오\01.맵툴\1.라이트뷰\3.오브젝트">
      <UniqueIdentifier>{c24a449d-55ab-4cf7-b25c-7c949d78d6c9}</UniqueIdentifier>
    </Filter>
    <Filter Include="팀 포트폴리오\01.맵툴\2.레프트뷰">
      <UniqueIdentifier>{8dd3b09c-c851-4e69-bfcf-e9273ee529b4}</UniqueIdentifier>
    </Filter>
    <Filter Include="팀 포트폴리오\01.맵툴\2.레프트뷰\1.전체적인왼쪽뷰">
      <UniqueIdentifier>{ed09eb86-5474-4027-85ec-0357f723a916}</UniqueIdentifier>
    </Filter>
    <Filter Include="팀 포트폴리오\01.맵툴\2.레프트뷰\2.맵,맵텍스쳐">
      <UniqueIdentifier>{82fb30fe-8a66-4ab5-a4dc-ea98e64ba446}</UniqueIdentifier>
    </Filter>
    <Filter Include="팀 포트폴리오\01.맵툴\2.레프트뷰\3.맵오브젝트">
      <UniqueIdentifier>{468abc24-4f83-410e-80e1-acab07a55552}</UniqueIdentifier>
    </Filter>
    <Filter Include="팀 포트폴리오\01.맵툴\2.레프트뷰\5.물">
      <UniqueIdentifier>{26f8683d-2d8f-49b1-bb80-8b4e2e064089}</UniqueIdentifier>
    </Filter>
    <Filter Include="팀 포트폴리오\01.맵툴\3.IO매니져">
      <UniqueIdentifier>{d2ffd7d8-876c-4435-b7ab-e4df48398753}</UniqueIdentifier>
    </Filter>
    <Filter Include="팀 포트폴리오\02.UI">
      <UniqueIdentifier>{8f7c82db-a632-41a5-ad51-a70d48ff8500}</UniqueIdentifier>
    </Filter>
    <Filter Include="Z테스트\이현총\테스트용 스킬">
      <UniqueIdentifier>{3d7df26b-7193-439e-97cf-2050bb1f71d4}</UniqueIdentifier>
    </Filter>
    <Filter Include="Z테스트\이현총\!스킬 및 파티클 모음">
      <UniqueIdentifier>{8eb59574-b862-4c28-be5b-2d1f0c4d8dab}</UniqueIdentifier>
    </Filter>
    <Filter Include="Z테스트\이현총\!스킬 및 파티클 모음\1. 스킬모음">
      <UniqueIdentifier>{1af4ede4-1d12-4848-bcaf-94e9951cdb82}</UniqueIdentifier>
    </Filter>
    <Filter Include="Z테스트\이현총\!스킬 및 파티클 모음\1. 스킬모음\2. 플레이어 스킬">
      <UniqueIdentifier>{1740699d-a69b-4ef8-ab5a-e7ed3180af10}</UniqueIdentifier>
    </Filter>
    <Filter Include="Z테스트\이현총\!스킬 및 파티클 모음\1. 스킬모음\1. 보스 스킬">
      <UniqueIdentifier>{7bf2bd3e-b000-4ffc-8309-221f8e0683a6}</UniqueIdentifier>
    </Filter>
    <Filter Include="Z테스트\이현총\!스킬 및 파티클 모음\1. 스킬모음\기타 테스트용">
      <UniqueIdentifier>{0a0249b6-6193-4b2f-b922-3385108268dd}</UniqueIdentifier>
    </Filter>
    <Filter Include="Z테스트\이현총\!스킬 및 파티클 모음\2. 파티클 세트">
      <UniqueIdentifier>{7c5abe4a-9386-4d42-bcbb-1f40ced20772}</UniqueIdentifier>
    </Filter>
    <Filter Include="GameFramework3D\Action\ActionManager">
      <UniqueIdentifier>{efa7246c-a722-4065-8171-0e42c83d8849}</UniqueIdentifier>
    </Filter>
    <Filter Include="팀 포트폴리오\00.Scene\03.Stage1">
      <UniqueIdentifier>{f2459efd-5cd9-4d64-b8f9-3b048d479de7}</UniqueIdentifier>
    </Filter>
    <Filter Include="팀 포트폴리오\00.Scene\04.Stage2">
      <UniqueIdentifier>{1b310998-4a6e-4a88-bde6-54d2a6180395}</UniqueIdentifier>
    </Filter>
    <Filter Include="팀 포트폴리오\00.Scene\05.Stage3">
      <UniqueIdentifier>{45d8f959-0760-49b5-a2d8-71b8eb9a601f}</UniqueIdentifier>
    </Filter>
    <Filter Include="GameManager%28매크로%29\UI">
      <UniqueIdentifier>{9bd561fa-d68f-4746-883b-c5abf0b40cbb}</UniqueIdentifier>
    </Filter>
    <Filter Include="Z테스트\김만웅\06.게임UI">
      <UniqueIdentifier>{c2aac9ca-7419-4ee2-82b7-9e423c6439f1}</UniqueIdentifier>
    </Filter>
    <Filter Include="Z테스트\김만웅\07.미니맵">
      <UniqueIdentifier>{5f425716-1ccf-4a54-92c7-6ccaa3e78d41}</UniqueIdentifier>
    </Filter>
    <Filter Include="Z테스트\이현총\dx스킬 매니져">
      <UniqueIdentifier>{6396ffa8-cad8-498c-bfbd-881c13cde972}</UniqueIdentifier>
    </Filter>
    <Filter Include="Z테스트\이현총\!스킬 및 파티클 모음\1. 스킬모음\3. 이펙트 모음">
      <UniqueIdentifier>{3d561301-11f5-4d12-a129-4eff48b0798f}</UniqueIdentifier>
    </Filter>
    <Filter Include="Z테스트\김만웅\08.카메라 제어">
      <UniqueIdentifier>{5d9cc346-1420-43b7-8db7-a005a769912a}</UniqueIdentifier>
    </Filter>
    <Filter Include="Z테스트\이현총\dx이펙트 매니저">
      <UniqueIdentifier>{cf0eefd3-e026-4b74-a66c-9cd8e441a67e}</UniqueIdentifier>
    </Filter>
    <Filter Include="Z테스트\김만웅\09.UI적용 및 테스트">
      <UniqueIdentifier>{83fbc247-c01d-4407-b17a-e229624416f2}</UniqueIdentifier>
    </Filter>
    <Filter Include="팀 포트폴리오\03.상점">
      <UniqueIdentifier>{7dd382c3-882c-45da-b71a-a7e9b5523328}</UniqueIdentifier>
    </Filter>
    <Filter Include="팀 포트폴리오\03.상점\대장간">
      <UniqueIdentifier>{c6b5dd41-85fa-4692-bcbc-88662f9b5738}</UniqueIdentifier>
    </Filter>
    <Filter Include="팀 포트폴리오\03.상점\물약상점">
      <UniqueIdentifier>{259c6644-6af4-4b12-a134-9c95f51531ed}</UniqueIdentifier>
    </Filter>
    <Filter Include="팀 포트폴리오\03.상점\방어,무기상점">
      <UniqueIdentifier>{4e59e937-fada-41fb-897b-4ce18f2874a8}</UniqueIdentifier>
    </Filter>
    <Filter Include="팀 포트폴리오\03.상점\방어구,무기,물약">
      <UniqueIdentifier>{77b2fca9-25be-4380-9da4-b7fcb6f8551d}</UniqueIdentifier>
    </Filter>
    <Filter Include="팀 포트폴리오\03.상점\인벤토리">
      <UniqueIdentifier>{d668bdf7-cd85-41e5-902c-190fe74ed4b9}</UniqueIdentifier>
    </Filter>
    <Filter Include="팀 포트폴리오\03.상점\플레이어창">
      <UniqueIdentifier>{e06a58ca-592b-405c-8ebd-fe2486968bdc}</UniqueIdentifier>
    </Filter>
    <Filter Include="팀 포트폴리오\03.상점\헤드">
      <UniqueIdentifier>{ff3f4236-abe5-4196-bf3e-11dc995d9e51}</UniqueIdentifier>
    </Filter>
    <Filter Include="팀 포트폴리오\02.UI\상점슬롯">
      <UniqueIdentifier>{dcf1b356-bd44-4058-bca1-5f93b04922c0}</UniqueIdentifier>
    </Filter>
    <Filter Include="팀 포트폴리오\02.UI\채팅">
      <UniqueIdentifier>{c1e5249d-6c07-476b-92dc-745d1dd7eafb}</UniqueIdentifier>
    </Filter>
    <Filter Include="팀 포트폴리오\02.UI\플레이어">
      <UniqueIdentifier>{c6446185-1b48-443c-bc0c-dc570bf48f2c}</UniqueIdentifier>
    </Filter>
    <Filter Include="팀 포트폴리오\01.맵툴\3.IO매니져\이름">
      <UniqueIdentifier>{90a84555-6a63-405e-8276-26969ca54350}</UniqueIdentifier>
    </Filter>
    <Filter Include="팀 포트폴리오\01.맵툴\3.IO매니져\오브젝트">
      <UniqueIdentifier>{4a32db62-9132-4a70-9274-7b1514c3a0e6}</UniqueIdentifier>
    </Filter>
    <Filter Include="팀 포트폴리오\01.맵툴\3.IO매니져\세이브">
      <UniqueIdentifier>{8e6723e9-ab52-4c6f-93a4-92ddda3255fb}</UniqueIdentifier>
    </Filter>
    <Filter Include="팀 포트폴리오\01.맵툴\3.IO매니져\몬스터">
      <UniqueIdentifier>{622d93d9-ec2f-45f6-b934-baf1dffd3ec9}</UniqueIdentifier>
    </Filter>
    <Filter Include="팀 포트폴리오\01.맵툴\3.IO매니져\맵">
      <UniqueIdentifier>{20667571-6a06-41fe-9578-8eb592a07727}</UniqueIdentifier>
    </Filter>
    <Filter Include="팀 포트폴리오\01.맵툴\3.IO매니져\높이">
      <UniqueIdentifier>{6ef32d75-f037-43f7-a658-ef735e9c1b67}</UniqueIdentifier>
    </Filter>
    <Filter Include="팀 포트폴리오\01.맵툴\3.IO매니져\노드">
      <UniqueIdentifier>{a90585db-03bf-4fbd-8d3e-12e1c5067c55}</UniqueIdentifier>
    </Filter>
    <Filter Include="팀 포트폴리오\01.맵툴\3.IO매니져\시네마">
      <UniqueIdentifier>{4efbfe96-a2e7-468e-a76c-5c8b5dc487c6}</UniqueIdentifier>
    </Filter>
    <Filter Include="팀 포트폴리오\01.맵툴\2.레프트뷰\4.포탈">
      <UniqueIdentifier>{9c0c12a0-5165-4320-b568-c130727dce3f}</UniqueIdentifier>
    </Filter>
  </ItemGroup>
  <ItemGroup>
    <ClCompile Include="mainGame.cpp">
      <Filter>Main</Filter>
    </ClCompile>
    <ClCompile Include="myUtil.cpp">
      <Filter>GameFramework3D\MyUtil</Filter>
    </ClCompile>
    <ClCompile Include="treeNode.cpp">
      <Filter>GameFramework3D\GameObject</Filter>
    </ClCompile>
    <ClCompile Include="gameObject.cpp">
      <Filter>GameFramework3D\GameObject</Filter>
    </ClCompile>
    <ClCompile Include="characterController.cpp">
      <Filter>GameFramework3D\GameObject</Filter>
    </ClCompile>
    <ClCompile Include="cube.cpp">
      <Filter>GameFramework3D\GameObject</Filter>
    </ClCompile>
    <ClCompile Include="transform.cpp">
      <Filter>GameFramework3D\Transform</Filter>
    </ClCompile>
    <ClCompile Include="baseObject.cpp">
      <Filter>GameFramework3D\BaseObject</Filter>
    </ClCompile>
    <ClCompile Include="boundSphere.cpp">
      <Filter>GameFramework3D\BoundBox</Filter>
    </ClCompile>
    <ClCompile Include="boundBox.cpp">
      <Filter>GameFramework3D\BoundBox</Filter>
    </ClCompile>
    <ClCompile Include="boundObject.cpp">
      <Filter>GameFramework3D\BaseObject</Filter>
    </ClCompile>
    <ClCompile Include="camera.cpp">
      <Filter>GameFramework3D\Camera</Filter>
    </ClCompile>
    <ClCompile Include="light.cpp">
      <Filter>GameFramework3D\Light</Filter>
    </ClCompile>
    <ClCompile Include="lightDirection.cpp">
      <Filter>GameFramework3D\Light</Filter>
    </ClCompile>
    <ClCompile Include="lightPoint.cpp">
      <Filter>GameFramework3D\Light</Filter>
    </ClCompile>
    <ClCompile Include="xMeshStatic.cpp">
      <Filter>GameFramework3D\xMesh</Filter>
    </ClCompile>
    <ClCompile Include="xMesh.cpp">
      <Filter>GameFramework3D\xMesh</Filter>
    </ClCompile>
    <ClCompile Include="quadTree.cpp">
      <Filter>GameFramework3D\Terrain</Filter>
    </ClCompile>
    <ClCompile Include="terrain.cpp">
      <Filter>GameFramework3D\Terrain</Filter>
    </ClCompile>
    <ClCompile Include="boneHierachy.cpp">
      <Filter>GameFramework3D\SkinnedAni</Filter>
    </ClCompile>
    <ClCompile Include="skinnedAnimation.cpp">
      <Filter>GameFramework3D\SkinnedAni</Filter>
    </ClCompile>
    <ClCompile Include="xMeshSkinned.cpp">
      <Filter>GameFramework3D\xMesh</Filter>
    </ClCompile>
    <ClCompile Include="particle.cpp">
      <Filter>GameFramework3D\Particle</Filter>
    </ClCompile>
    <ClCompile Include="particleQuad.cpp">
      <Filter>GameFramework3D\Particle</Filter>
    </ClCompile>
    <ClCompile Include="quadParticleEmitter.cpp">
      <Filter>GameFramework3D\Particle</Filter>
    </ClCompile>
    <ClCompile Include="particleEmitter.cpp">
      <Filter>GameFramework3D\Particle</Filter>
    </ClCompile>
    <ClCompile Include="frustum.cpp">
      <Filter>GameFramework3D\Frustum</Filter>
    </ClCompile>
    <ClCompile Include="resourceManager.cpp">
      <Filter>GameManager%28상속%29\Resource</Filter>
    </ClCompile>
    <ClCompile Include="rmShaderFX.cpp">
      <Filter>GameManager%28상속%29\Resource</Filter>
    </ClCompile>
    <ClCompile Include="rmSkinnedMesh.cpp">
      <Filter>GameManager%28상속%29\Resource</Filter>
    </ClCompile>
    <ClCompile Include="rmStaticMesh.cpp">
      <Filter>GameManager%28상속%29\Resource</Filter>
    </ClCompile>
    <ClCompile Include="rmTexture.cpp">
      <Filter>GameManager%28상속%29\Resource</Filter>
    </ClCompile>
    <ClCompile Include="ioBaseManager.cpp">
      <Filter>GameManager%28상속%29\IO</Filter>
    </ClCompile>
    <ClCompile Include="cameraManager.cpp">
      <Filter>GameManager%28상속%29\Camera</Filter>
    </ClCompile>
    <ClCompile Include="fontManager.cpp">
      <Filter>GameManager%28상속%29\Font</Filter>
    </ClCompile>
    <ClCompile Include="gizmoManager.cpp">
      <Filter>GameManager%28상속%29\Gizmo</Filter>
    </ClCompile>
    <ClCompile Include="keyManager.cpp">
      <Filter>GameManager%28상속%29\Key</Filter>
    </ClCompile>
    <ClCompile Include="physicsManager.cpp">
      <Filter>GameManager%28상속%29\Physics</Filter>
    </ClCompile>
    <ClCompile Include="sceneManager.cpp">
      <Filter>GameManager%28상속%29\Scene</Filter>
    </ClCompile>
    <ClCompile Include="spriteManager.cpp">
      <Filter>GameManager%28상속%29\Sprite</Filter>
    </ClCompile>
    <ClCompile Include="timeManager.cpp">
      <Filter>GameManager%28상속%29\Time</Filter>
    </ClCompile>
    <ClCompile Include="cObjectManager.cpp">
      <Filter>GameManager%28매크로%29\Object</Filter>
    </ClCompile>
    <ClCompile Include="cObject.cpp">
      <Filter>GameFramework3D\Object</Filter>
    </ClCompile>
    <ClCompile Include="cUIObject.cpp">
      <Filter>Z테스트\김만웅\04.GameUI\00.Object</Filter>
    </ClCompile>
    <ClCompile Include="cUIImageView.cpp">
      <Filter>Z테스트\김만웅\04.GameUI\01.ImageView</Filter>
    </ClCompile>
    <ClCompile Include="cTextureManager.cpp">
      <Filter>GameManager%28매크로%29\Texture</Filter>
    </ClCompile>
    <ClCompile Include="cUIButton.cpp">
      <Filter>Z테스트\김만웅\04.GameUI\02.Button</Filter>
    </ClCompile>
    <ClCompile Include="cPicking.cpp">
      <Filter>GameFramework3D\Picking</Filter>
    </ClCompile>
    <ClCompile Include="cUILoadingBar.cpp">
      <Filter>Z테스트\김만웅\04.GameUI\03.LoadingBar</Filter>
    </ClCompile>
    <ClCompile Include="cLoadingBarTest.cpp">
      <Filter>Z테스트\김만웅\00.로딩바</Filter>
    </ClCompile>
    <ClCompile Include="terrainPickingTest.cpp">
      <Filter>Z테스트\이현수</Filter>
    </ClCompile>
    <ClCompile Include="Action.cpp">
      <Filter>GameFramework3D\Action</Filter>
    </ClCompile>
    <ClCompile Include="ActionAttack.cpp">
      <Filter>GameFramework3D\Action</Filter>
    </ClCompile>
    <ClCompile Include="ActionDie.cpp">
      <Filter>GameFramework3D\Action</Filter>
    </ClCompile>
    <ClCompile Include="ActionMove.cpp">
      <Filter>GameFramework3D\Action</Filter>
    </ClCompile>
    <ClCompile Include="ActionReMove.cpp">
      <Filter>GameFramework3D\Action</Filter>
    </ClCompile>
    <ClCompile Include="ActionSeq.cpp">
      <Filter>GameFramework3D\Action</Filter>
    </ClCompile>
    <ClCompile Include="ActionStanding.cpp">
      <Filter>GameFramework3D\Action</Filter>
    </ClCompile>
    <ClCompile Include="ActionStun.cpp">
      <Filter>GameFramework3D\Action</Filter>
    </ClCompile>
    <ClCompile Include="dijkstra.cpp">
      <Filter>GameFramework3D\dijkstra</Filter>
    </ClCompile>
    <ClCompile Include="Node.cpp">
      <Filter>GameFramework3D\Node</Filter>
    </ClCompile>
    <ClCompile Include="monster.cpp">
      <Filter>GameFramework3D\Monster</Filter>
    </ClCompile>
    <ClCompile Include="cUILoading.cpp">
      <Filter>Z테스트\김만웅\04.GameUI\04.Loading%28멀티쓰레드%29</Filter>
    </ClCompile>
    <ClCompile Include="cLoadingTest.cpp">
      <Filter>Z테스트\김만웅\01.로딩%28멀티쓰레드%29</Filter>
    </ClCompile>
    <ClCompile Include="dxAccelerationModule.cpp">
      <Filter>Z테스트\이현총\dx파티클\모듈\모듈모음</Filter>
    </ClCompile>
    <ClCompile Include="dxCircleModule.cpp">
      <Filter>Z테스트\이현총\dx파티클\모듈\모듈모음</Filter>
    </ClCompile>
    <ClCompile Include="dxColorModule.cpp">
      <Filter>Z테스트\이현총\dx파티클\모듈\모듈모음</Filter>
    </ClCompile>
    <ClCompile Include="dxLifeTimeModule.cpp">
      <Filter>Z테스트\이현총\dx파티클\모듈\모듈모음</Filter>
    </ClCompile>
    <ClCompile Include="dxPositionModule.cpp">
      <Filter>Z테스트\이현총\dx파티클\모듈\모듈모음</Filter>
    </ClCompile>
    <ClCompile Include="dxRotationModule.cpp">
      <Filter>Z테스트\이현총\dx파티클\모듈\모듈모음</Filter>
    </ClCompile>
    <ClCompile Include="dxSizeModule.cpp">
      <Filter>Z테스트\이현총\dx파티클\모듈\모듈모음</Filter>
    </ClCompile>
    <ClCompile Include="dxUVModule.cpp">
      <Filter>Z테스트\이현총\dx파티클\모듈\모듈모음</Filter>
    </ClCompile>
    <ClCompile Include="dxVelocityModule.cpp">
      <Filter>Z테스트\이현총\dx파티클\모듈\모듈모음</Filter>
    </ClCompile>
    <ClCompile Include="dxModule.cpp">
      <Filter>Z테스트\이현총\dx파티클\모듈\모듈키트</Filter>
    </ClCompile>
    <ClCompile Include="dxModuleKit.cpp">
      <Filter>Z테스트\이현총\dx파티클\모듈\모듈키트</Filter>
    </ClCompile>
    <ClCompile Include="dxSkill.cpp">
      <Filter>Z테스트\이현총\dx스킬 매니져</Filter>
    </ClCompile>
    <ClCompile Include="dxSkillManager.cpp">
      <Filter>Z테스트\이현총\dx스킬 매니져</Filter>
    </ClCompile>
    <ClCompile Include="dxParticle.cpp">
      <Filter>Z테스트\이현총\dx파티클\파티클 매니져</Filter>
    </ClCompile>
    <ClCompile Include="dxParticleSystem.cpp">
      <Filter>Z테스트\이현총\dx파티클\파티클 매니져</Filter>
    </ClCompile>
    <ClCompile Include="dxParticleSystemManager.cpp">
      <Filter>Z테스트\이현총\dx파티클\파티클 매니져</Filter>
    </ClCompile>
    <ClCompile Include="dxParticleSystemSet.cpp">
      <Filter>Z테스트\이현총\dx파티클\파티클 매니져</Filter>
    </ClCompile>
    <ClCompile Include="PS_Set00.cpp">
      <Filter>Z테스트\이현총\!스킬 및 파티클 모음\2. 파티클 세트</Filter>
    </ClCompile>
    <ClCompile Include="particleTest04.cpp">
      <Filter>Z테스트\이현총\테스트용</Filter>
    </ClCompile>
    <ClCompile Include="particleTest05.cpp">
      <Filter>Z테스트\이현총\테스트용</Filter>
    </ClCompile>
    <ClCompile Include="particleTest06.cpp">
      <Filter>Z테스트\이현총\테스트용</Filter>
    </ClCompile>
    <ClCompile Include="particleTest07.cpp">
      <Filter>Z테스트\이현총\테스트용</Filter>
    </ClCompile>
    <ClCompile Include="particleTest08.cpp">
      <Filter>Z테스트\이현총\테스트용</Filter>
    </ClCompile>
    <ClCompile Include="particleTest09.cpp">
      <Filter>Z테스트\이현총\테스트용</Filter>
    </ClCompile>
    <ClCompile Include="particleTest10.cpp">
      <Filter>Z테스트\이현총\테스트용</Filter>
    </ClCompile>
    <ClCompile Include="bossActionAttack.cpp">
      <Filter>GameFramework3D\ActionBoss</Filter>
    </ClCompile>
    <ClCompile Include="bossActionCinema.cpp">
      <Filter>GameFramework3D\ActionBoss</Filter>
    </ClCompile>
    <ClCompile Include="bossActionMove.cpp">
      <Filter>GameFramework3D\ActionBoss</Filter>
    </ClCompile>
    <ClCompile Include="bossActionSkill.cpp">
      <Filter>GameFramework3D\ActionBoss</Filter>
    </ClCompile>
    <ClCompile Include="bossMonster.cpp">
      <Filter>GameFramework3D\Monster</Filter>
    </ClCompile>
    <ClCompile Include="bossActionSkillFire.cpp">
      <Filter>GameFramework3D\ActionBoss</Filter>
    </ClCompile>
    <ClCompile Include="bossActionSkillBattleRoar.cpp">
      <Filter>GameFramework3D\ActionBoss</Filter>
    </ClCompile>
    <ClCompile Include="bossActionSkillTailAtt.cpp">
      <Filter>GameFramework3D\ActionBoss</Filter>
    </ClCompile>
    <ClCompile Include="bossActionStanding.cpp">
      <Filter>GameFramework3D\ActionBoss</Filter>
    </ClCompile>
    <ClCompile Include="xPlayer.cpp">
      <Filter>Z테스트\김태훈\xPlayer</Filter>
    </ClCompile>
    <ClCompile Include="xPlayerStatus.cpp">
      <Filter>Z테스트\김태훈\xPlayer</Filter>
    </ClCompile>
    <ClCompile Include="bossActionFly.cpp">
      <Filter>GameFramework3D\ActionBoss</Filter>
    </ClCompile>
    <ClCompile Include="bossActionLanding.cpp">
      <Filter>GameFramework3D\ActionBoss</Filter>
    </ClCompile>
    <ClCompile Include="bossActionDie.cpp">
      <Filter>GameFramework3D\ActionBoss</Filter>
    </ClCompile>
    <ClCompile Include="bossActionFlyDie.cpp">
      <Filter>GameFramework3D\ActionBoss</Filter>
    </ClCompile>
    <ClCompile Include="kimsTestScene.cpp">
      <Filter>Z테스트\김태훈\xPlayer</Filter>
    </ClCompile>
    <ClCompile Include="bossActionSkillFlyStandingFire.cpp">
      <Filter>GameFramework3D\ActionBoss</Filter>
    </ClCompile>
    <ClCompile Include="dxSkillContainer.cpp">
      <Filter>Z테스트\이현총\dx스킬 매니져</Filter>
    </ClCompile>
    <ClCompile Include="dxPlaneEmitter.cpp">
      <Filter>Z테스트\이현총\dx파티클\이미터</Filter>
    </ClCompile>
    <ClCompile Include="dxPointEmitter.cpp">
      <Filter>Z테스트\이현총\dx파티클\이미터</Filter>
    </ClCompile>
    <ClCompile Include="dxMeshEmitter.cpp">
      <Filter>Z테스트\이현총\dx파티클\이미터</Filter>
    </ClCompile>
    <ClCompile Include="dxBoardEmitter.cpp">
      <Filter>Z테스트\이현총\dx파티클\이미터</Filter>
    </ClCompile>
    <ClCompile Include="dxEmitter.cpp">
      <Filter>Z테스트\이현총\dx파티클\이미터</Filter>
    </ClCompile>
    <ClCompile Include="PS_Set01.cpp">
      <Filter>Z테스트\이현총\!스킬 및 파티클 모음\2. 파티클 세트</Filter>
    </ClCompile>
    <ClCompile Include="particleTest11.cpp">
      <Filter>Z테스트\이현총\테스트용</Filter>
    </ClCompile>
    <ClCompile Include="particleTest12.cpp">
      <Filter>Z테스트\이현총\테스트용</Filter>
    </ClCompile>
    <ClCompile Include="particleTest13.cpp">
      <Filter>Z테스트\이현총\테스트용</Filter>
    </ClCompile>
    <ClCompile Include="bossActionFlyMove.cpp">
      <Filter>GameFramework3D\ActionBoss</Filter>
    </ClCompile>
    <ClCompile Include="bossActionSkillFlyFire.cpp">
      <Filter>GameFramework3D\ActionBoss</Filter>
    </ClCompile>
    <ClCompile Include="xNpc.cpp">
      <Filter>Z테스트\김태훈\xNpc</Filter>
    </ClCompile>
    <ClCompile Include="soundManager.cpp">
      <Filter>Z테스트\김태훈\FMOD</Filter>
    </ClCompile>
    <ClCompile Include="gameNode.cpp">
      <Filter>GameFramework3D\GameNode</Filter>
    </ClCompile>
    <ClCompile Include="iGameNode.cpp">
      <Filter>GameFramework3D\GameNode</Filter>
    </ClCompile>
    <ClCompile Include="cFilepathManager.cpp">
      <Filter>GameManager%28매크로%29\Filepath</Filter>
    </ClCompile>
    <ClCompile Include="cMapManager.cpp">
      <Filter>GameManager%28매크로%29\Map</Filter>
    </ClCompile>
    <ClCompile Include="cUIStart.cpp">
      <Filter>Z테스트\김만웅\04.GameUI\05.Start%28미완성%29</Filter>
    </ClCompile>
    <ClCompile Include="WinMain.cpp">
      <Filter>Main</Filter>
    </ClCompile>
    <ClCompile Include="stdafx.cpp">
      <Filter>Main</Filter>
    </ClCompile>
    <ClCompile Include="startScene.cpp">
      <Filter>팀 포트폴리오\00.Scene\01.Start</Filter>
    </ClCompile>
    <ClCompile Include="mapToolScene.cpp">
      <Filter>팀 포트폴리오\00.Scene\02.Maptool</Filter>
    </ClCompile>
    <ClCompile Include="rightSmallGrid.cpp">
      <Filter>팀 포트폴리오\01.맵툴\1.라이트뷰\1.스몰그리드</Filter>
    </ClCompile>
    <ClCompile Include="rightView.cpp">
      <Filter>팀 포트폴리오\01.맵툴\1.라이트뷰\2.라이트맵툴</Filter>
    </ClCompile>
    <ClCompile Include="objectClass.cpp">
      <Filter>팀 포트폴리오\01.맵툴\1.라이트뷰\3.오브젝트</Filter>
    </ClCompile>
    <ClCompile Include="leftViewHead.cpp">
      <Filter>팀 포트폴리오\01.맵툴\2.레프트뷰\1.전체적인왼쪽뷰</Filter>
    </ClCompile>
    <ClCompile Include="terrainSc.cpp">
      <Filter>팀 포트폴리오\01.맵툴\2.레프트뷰\2.맵,맵텍스쳐</Filter>
    </ClCompile>
    <ClCompile Include="mapObject.cpp">
      <Filter>팀 포트폴리오\01.맵툴\2.레프트뷰\3.맵오브젝트</Filter>
    </ClCompile>
    <ClCompile Include="WaterTerrain.cpp">
      <Filter>팀 포트폴리오\01.맵툴\2.레프트뷰\5.물</Filter>
    </ClCompile>
    <ClCompile Include="Environment.cpp">
      <Filter>GameFramework3D\Environment</Filter>
    </ClCompile>
    <ClCompile Include="kimsNewTest.cpp">
      <Filter>Z테스트\김태훈\xPlayer</Filter>
    </ClCompile>
    <ClCompile Include="cTerrainTest.cpp">
      <Filter>Z테스트\김만웅\02.지형테스트</Filter>
    </ClCompile>
    <ClCompile Include="cImageTest.cpp">
      <Filter>Z테스트\김만웅\03.이미지테스트</Filter>
    </ClCompile>
    <ClCompile Include="cDxImg.cpp">
      <Filter>GameFramework3D\DxImg</Filter>
    </ClCompile>
    <ClCompile Include="cDxImgManager.cpp">
      <Filter>GameManager%28매크로%29\DxImg</Filter>
    </ClCompile>
    <ClCompile Include="cDxImgAniManager.cpp">
      <Filter>GameManager%28매크로%29\DxImg</Filter>
    </ClCompile>
    <ClCompile Include="cXmeshManager.cpp">
      <Filter>GameManager%28매크로%29\Xmesh</Filter>
    </ClCompile>
    <ClCompile Include="SK_Effect00.cpp">
      <Filter>Z테스트\이현총\!스킬 및 파티클 모음\1. 스킬모음\3. 이펙트 모음</Filter>
    </ClCompile>
    <ClCompile Include="skBoss_Breath.cpp">
      <Filter>Z테스트\이현총\!스킬 및 파티클 모음\1. 스킬모음\1. 보스 스킬</Filter>
    </ClCompile>
    <ClCompile Include="skBoss_GrandMagic.cpp">
      <Filter>Z테스트\이현총\!스킬 및 파티클 모음\1. 스킬모음\1. 보스 스킬</Filter>
    </ClCompile>
    <ClCompile Include="skBoss_Shouting.cpp">
      <Filter>Z테스트\이현총\!스킬 및 파티클 모음\1. 스킬모음\1. 보스 스킬</Filter>
    </ClCompile>
    <ClCompile Include="skPlayer_Heal.cpp">
      <Filter>Z테스트\이현총\!스킬 및 파티클 모음\1. 스킬모음\2. 플레이어 스킬</Filter>
    </ClCompile>
    <ClCompile Include="skPlayer_MagicShoot.cpp">
      <Filter>Z테스트\이현총\!스킬 및 파티클 모음\1. 스킬모음\2. 플레이어 스킬</Filter>
    </ClCompile>
    <ClCompile Include="SK00.cpp">
      <Filter>Z테스트\이현총\!스킬 및 파티클 모음\1. 스킬모음\기타 테스트용</Filter>
    </ClCompile>
    <ClCompile Include="psBossSet00.cpp">
      <Filter>Z테스트\이현총\!스킬 및 파티클 모음\2. 파티클 세트</Filter>
    </ClCompile>
    <ClCompile Include="psEffectSet00.cpp">
      <Filter>Z테스트\이현총\!스킬 및 파티클 모음\2. 파티클 세트</Filter>
    </ClCompile>
    <ClCompile Include="psPlayerSet00.cpp">
      <Filter>Z테스트\이현총\!스킬 및 파티클 모음\2. 파티클 세트</Filter>
    </ClCompile>
    <ClCompile Include="dxParticleTexture.cpp">
      <Filter>Z테스트\이현총\dx파티클\파티클 텍스쳐 매니저</Filter>
    </ClCompile>
    <ClCompile Include="dxParticleTextureManager.cpp">
      <Filter>Z테스트\이현총\dx파티클\파티클 텍스쳐 매니저</Filter>
    </ClCompile>
    <ClCompile Include="cXmeshManager.cpp">
      <Filter>GameManager%28매크로%29\Xmesh</Filter>
    </ClCompile>
    <ClCompile Include="cButtonTest.cpp">
      <Filter>Z테스트\김만웅\05.UI 재설계</Filter>
    </ClCompile>
    <ClCompile Include="skill00.cpp">
      <Filter>Z테스트\이현총\테스트용 스킬</Filter>
    </ClCompile>
    <ClCompile Include="skill00_01.cpp">
      <Filter>Z테스트\이현총\테스트용 스킬</Filter>
    </ClCompile>
    <ClCompile Include="skill00_02.cpp">
      <Filter>Z테스트\이현총\테스트용 스킬</Filter>
    </ClCompile>
    <ClCompile Include="skill00_03.cpp">
      <Filter>Z테스트\이현총\테스트용 스킬</Filter>
    </ClCompile>
    <ClCompile Include="ActionManager.cpp">
      <Filter>GameFramework3D\Action\ActionManager</Filter>
    </ClCompile>
    <ClCompile Include="stageOne.cpp">
      <Filter>팀 포트폴리오\00.Scene\03.Stage1</Filter>
    </ClCompile>
    <ClCompile Include="stageTwo.cpp">
      <Filter>팀 포트폴리오\00.Scene\04.Stage2</Filter>
    </ClCompile>
    <ClCompile Include="stageThree.cpp">
      <Filter>팀 포트폴리오\00.Scene\05.Stage3</Filter>
    </ClCompile>
    <ClCompile Include="Text.cpp">
      <Filter>Z테스트\이현수</Filter>
    </ClCompile>
    <ClCompile Include="CinematicManger.cpp">
      <Filter>Z테스트\김태승</Filter>
    </ClCompile>
    <ClCompile Include="cubeLight.cpp">
      <Filter>Z테스트\김태훈</Filter>
    </ClCompile>
    <ClCompile Include="cDxImgButton.cpp">
      <Filter>팀 포트폴리오\02.UI</Filter>
    </ClCompile>
    <ClCompile Include="cUIManager.cpp">
      <Filter>GameManager%28매크로%29\UI</Filter>
    </ClCompile>
    <ClCompile Include="cDxImgBar.cpp">
      <Filter>팀 포트폴리오\02.UI</Filter>
    </ClCompile>
    <ClCompile Include="cDxImgUI.cpp">
      <Filter>팀 포트폴리오\02.UI</Filter>
    </ClCompile>
    <ClCompile Include="cBarTest.cpp">
      <Filter>Z테스트\김만웅\05.UI 재설계</Filter>
    </ClCompile>
    <ClCompile Include="cGameUITest.cpp">
      <Filter>Z테스트\김만웅\06.게임UI</Filter>
    </ClCompile>
    <ClCompile Include="cMinimapTest.cpp">
      <Filter>Z테스트\김만웅\07.미니맵</Filter>
    </ClCompile>
    <ClCompile Include="cMinimapTest2.cpp">
      <Filter>Z테스트\김만웅\07.미니맵</Filter>
    </ClCompile>
    <ClCompile Include="cCameraTest.cpp">
      <Filter>Z테스트\김만웅\08.카메라 제어</Filter>
    </ClCompile>
    <ClCompile Include="damageText.cpp">
      <Filter>Z테스트\이현수</Filter>
    </ClCompile>
    <ClCompile Include="dxEffect.cpp">
      <Filter>Z테스트\이현총\dx이펙트 매니저</Filter>
    </ClCompile>
    <ClCompile Include="dxEffectManager.cpp">
      <Filter>Z테스트\이현총\dx이펙트 매니저</Filter>
    </ClCompile>
    <ClCompile Include="dxBeamEmitter.cpp">
      <Filter>Z테스트\이현총\dx파티클\이미터</Filter>
    </ClCompile>
    <ClCompile Include="dxCylinderEmitter.cpp">
      <Filter>Z테스트\이현총\dx파티클\이미터</Filter>
    </ClCompile>
    <ClCompile Include="skPlayer_Shield.cpp">
      <Filter>Z테스트\이현총\!스킬 및 파티클 모음\1. 스킬모음\2. 플레이어 스킬</Filter>
    </ClCompile>
    <ClCompile Include="skPlayer_FireMagic.cpp">
      <Filter>Z테스트\이현총\!스킬 및 파티클 모음\1. 스킬모음\2. 플레이어 스킬</Filter>
    </ClCompile>
    <ClCompile Include="skPlayer_Lightning.cpp">
      <Filter>Z테스트\이현총\!스킬 및 파티클 모음\1. 스킬모음\2. 플레이어 스킬</Filter>
    </ClCompile>
    <ClCompile Include="cUITestChatting.cpp">
      <Filter>Z테스트\김만웅\09.UI적용 및 테스트</Filter>
    </ClCompile>
    <ClCompile Include="cUserInterfaceTest.cpp">
      <Filter>Z테스트\김만웅\09.UI적용 및 테스트</Filter>
    </ClCompile>
    <ClCompile Include="cUserInterfaceTest2.cpp">
      <Filter>Z테스트\김만웅\09.UI적용 및 테스트</Filter>
    </ClCompile>
    <ClCompile Include="medicineShop.cpp">
      <Filter>팀 포트폴리오\03.상점\물약상점</Filter>
    </ClCompile>
    <ClCompile Include="weapon.cpp">
      <Filter>팀 포트폴리오\03.상점\방어구,무기,물약</Filter>
    </ClCompile>
    <ClCompile Include="shopHead.cpp">
      <Filter>팀 포트폴리오\03.상점\헤드</Filter>
    </ClCompile>
    <ClCompile Include="shop.cpp">
      <Filter>팀 포트폴리오\03.상점\방어,무기상점</Filter>
    </ClCompile>
    <ClCompile Include="medicine.cpp">
      <Filter>팀 포트폴리오\03.상점\방어구,무기,물약</Filter>
    </ClCompile>
    <ClCompile Include="item.cpp">
      <Filter>팀 포트폴리오\03.상점\방어구,무기,물약</Filter>
    </ClCompile>
    <ClCompile Include="force.cpp">
      <Filter>팀 포트폴리오\03.상점\대장간</Filter>
    </ClCompile>
    <ClCompile Include="armor.cpp">
      <Filter>팀 포트폴리오\03.상점\방어구,무기,물약</Filter>
    </ClCompile>
    <ClCompile Include="playerItem.cpp">
      <Filter>팀 포트폴리오\03.상점\플레이어창</Filter>
    </ClCompile>
    <ClCompile Include="inven.cpp">
      <Filter>팀 포트폴리오\03.상점\인벤토리</Filter>
    </ClCompile>
    <ClCompile Include="cUIShopSlot.cpp">
      <Filter>팀 포트폴리오\02.UI\상점슬롯</Filter>
    </ClCompile>
    <ClCompile Include="cUIPlayer.cpp">
      <Filter>팀 포트폴리오\02.UI\플레이어</Filter>
    </ClCompile>
    <ClCompile Include="cUIchatting.cpp">
      <Filter>팀 포트폴리오\02.UI\채팅</Filter>
    </ClCompile>
    <ClCompile Include="ioHeightManager.cpp">
      <Filter>팀 포트폴리오\01.맵툴\3.IO매니져\높이</Filter>
    </ClCompile>
    <ClCompile Include="ioMapManager.cpp">
      <Filter>팀 포트폴리오\01.맵툴\3.IO매니져\맵</Filter>
    </ClCompile>
    <ClCompile Include="ioSaveCinemaManger.cpp">
      <Filter>팀 포트폴리오\01.맵툴\3.IO매니져\시네마</Filter>
    </ClCompile>
    <ClCompile Include="ioSaveManager.cpp">
      <Filter>팀 포트폴리오\01.맵툴\3.IO매니져\세이브</Filter>
    </ClCompile>
    <ClCompile Include="ioSaveMonsterManger.cpp">
      <Filter>팀 포트폴리오\01.맵툴\3.IO매니져\몬스터</Filter>
    </ClCompile>
    <ClCompile Include="ioSaveNodeManager.cpp">
      <Filter>팀 포트폴리오\01.맵툴\3.IO매니져\노드</Filter>
    </ClCompile>
    <ClCompile Include="ioSaveObjectManager.cpp">
      <Filter>팀 포트폴리오\01.맵툴\3.IO매니져\오브젝트</Filter>
    </ClCompile>
    <ClCompile Include="ioSaveNameManager.cpp">
      <Filter>팀 포트폴리오\01.맵툴\3.IO매니져\이름</Filter>
    </ClCompile>
    <ClCompile Include="Tportal.cpp">
      <Filter>팀 포트폴리오\01.맵툴\2.레프트뷰\4.포탈</Filter>
    </ClCompile>
    <ClCompile Include="cRegistBase.cpp">
      <Filter>Main</Filter>
    </ClCompile>
    <ClCompile Include="loadingScene.cpp">
      <Filter>Main</Filter>
    </ClCompile>
    <ClCompile Include="cAniTest.cpp">
      <Filter>Z테스트\김태승</Filter>
    </ClCompile>
  </ItemGroup>
  <ItemGroup>
    <ClInclude Include="mainGame.h">
      <Filter>Main</Filter>
    </ClInclude>
    <ClInclude Include="singletonBase.h">
      <Filter>GameManager%28상속%29</Filter>
    </ClInclude>
    <ClInclude Include="myUtil.h">
      <Filter>GameFramework3D\MyUtil</Filter>
    </ClInclude>
    <ClInclude Include="treeNode.h">
      <Filter>GameFramework3D\GameObject</Filter>
    </ClInclude>
    <ClInclude Include="gameObject.h">
      <Filter>GameFramework3D\GameObject</Filter>
    </ClInclude>
    <ClInclude Include="characterController.h">
      <Filter>GameFramework3D\GameObject</Filter>
    </ClInclude>
    <ClInclude Include="cube.h">
      <Filter>GameFramework3D\GameObject</Filter>
    </ClInclude>
    <ClInclude Include="transform.h">
      <Filter>GameFramework3D\Transform</Filter>
    </ClInclude>
    <ClInclude Include="baseObject.h">
      <Filter>GameFramework3D\BaseObject</Filter>
    </ClInclude>
    <ClInclude Include="boundSphere.h">
      <Filter>GameFramework3D\BoundBox</Filter>
    </ClInclude>
    <ClInclude Include="boundBox.h">
      <Filter>GameFramework3D\BoundBox</Filter>
    </ClInclude>
    <ClInclude Include="boundObject.h">
      <Filter>GameFramework3D\BaseObject</Filter>
    </ClInclude>
    <ClInclude Include="camera.h">
      <Filter>GameFramework3D\Camera</Filter>
    </ClInclude>
    <ClInclude Include="light.h">
      <Filter>GameFramework3D\Light</Filter>
    </ClInclude>
    <ClInclude Include="lightDirection.h">
      <Filter>GameFramework3D\Light</Filter>
    </ClInclude>
    <ClInclude Include="lightPoint.h">
      <Filter>GameFramework3D\Light</Filter>
    </ClInclude>
    <ClInclude Include="xMeshStatic.h">
      <Filter>GameFramework3D\xMesh</Filter>
    </ClInclude>
    <ClInclude Include="xMesh.h">
      <Filter>GameFramework3D\xMesh</Filter>
    </ClInclude>
    <ClInclude Include="quadTree.h">
      <Filter>GameFramework3D\Terrain</Filter>
    </ClInclude>
    <ClInclude Include="terrain.h">
      <Filter>GameFramework3D\Terrain</Filter>
    </ClInclude>
    <ClInclude Include="boneHierachy.h">
      <Filter>GameFramework3D\SkinnedAni</Filter>
    </ClInclude>
    <ClInclude Include="skinnedAnimation.h">
      <Filter>GameFramework3D\SkinnedAni</Filter>
    </ClInclude>
    <ClInclude Include="xMeshSkinned.h">
      <Filter>GameFramework3D\xMesh</Filter>
    </ClInclude>
    <ClInclude Include="particle.h">
      <Filter>GameFramework3D\Particle</Filter>
    </ClInclude>
    <ClInclude Include="particleQuad.h">
      <Filter>GameFramework3D\Particle</Filter>
    </ClInclude>
    <ClInclude Include="quadParticleEmitter.h">
      <Filter>GameFramework3D\Particle</Filter>
    </ClInclude>
    <ClInclude Include="particleEmitter.h">
      <Filter>GameFramework3D\Particle</Filter>
    </ClInclude>
    <ClInclude Include="frustum.h">
      <Filter>GameFramework3D\Frustum</Filter>
    </ClInclude>
    <ClInclude Include="resourceManager.h">
      <Filter>GameManager%28상속%29\Resource</Filter>
    </ClInclude>
    <ClInclude Include="rmShaderFX.h">
      <Filter>GameManager%28상속%29\Resource</Filter>
    </ClInclude>
    <ClInclude Include="rmSkinnedMesh.h">
      <Filter>GameManager%28상속%29\Resource</Filter>
    </ClInclude>
    <ClInclude Include="rmStaticMesh.h">
      <Filter>GameManager%28상속%29\Resource</Filter>
    </ClInclude>
    <ClInclude Include="rmTexture.h">
      <Filter>GameManager%28상속%29\Resource</Filter>
    </ClInclude>
    <ClInclude Include="ioBaseManager.h">
      <Filter>GameManager%28상속%29\IO</Filter>
    </ClInclude>
    <ClInclude Include="cameraManager.h">
      <Filter>GameManager%28상속%29\Camera</Filter>
    </ClInclude>
    <ClInclude Include="fontManager.h">
      <Filter>GameManager%28상속%29\Font</Filter>
    </ClInclude>
    <ClInclude Include="gizmoManager.h">
      <Filter>GameManager%28상속%29\Gizmo</Filter>
    </ClInclude>
    <ClInclude Include="keyManager.h">
      <Filter>GameManager%28상속%29\Key</Filter>
    </ClInclude>
    <ClInclude Include="physicsManager.h">
      <Filter>GameManager%28상속%29\Physics</Filter>
    </ClInclude>
    <ClInclude Include="sceneManager.h">
      <Filter>GameManager%28상속%29\Scene</Filter>
    </ClInclude>
    <ClInclude Include="spriteManager.h">
      <Filter>GameManager%28상속%29\Sprite</Filter>
    </ClInclude>
    <ClInclude Include="timeManager.h">
      <Filter>GameManager%28상속%29\Time</Filter>
    </ClInclude>
    <ClInclude Include="cObjectManager.h">
      <Filter>GameManager%28매크로%29\Object</Filter>
    </ClInclude>
    <ClInclude Include="cObject.h">
      <Filter>GameFramework3D\Object</Filter>
    </ClInclude>
    <ClInclude Include="cUIObject.h">
      <Filter>Z테스트\김만웅\04.GameUI\00.Object</Filter>
    </ClInclude>
    <ClInclude Include="cUIImageView.h">
      <Filter>Z테스트\김만웅\04.GameUI\01.ImageView</Filter>
    </ClInclude>
    <ClInclude Include="cTextureManager.h">
      <Filter>GameManager%28매크로%29\Texture</Filter>
    </ClInclude>
    <ClInclude Include="cUIButton.h">
      <Filter>Z테스트\김만웅\04.GameUI\02.Button</Filter>
    </ClInclude>
    <ClInclude Include="cPicking.h">
      <Filter>GameFramework3D\Picking</Filter>
    </ClInclude>
    <ClInclude Include="cUILoadingBar.h">
      <Filter>Z테스트\김만웅\04.GameUI\03.LoadingBar</Filter>
    </ClInclude>
    <ClInclude Include="cLoadingBarTest.h">
      <Filter>Z테스트\김만웅\00.로딩바</Filter>
    </ClInclude>
    <ClInclude Include="terrainPickingTest.h">
      <Filter>Z테스트\이현수</Filter>
    </ClInclude>
    <ClInclude Include="Action.h">
      <Filter>GameFramework3D\Action</Filter>
    </ClInclude>
    <ClInclude Include="ActionAttack.h">
      <Filter>GameFramework3D\Action</Filter>
    </ClInclude>
    <ClInclude Include="ActionDie.h">
      <Filter>GameFramework3D\Action</Filter>
    </ClInclude>
    <ClInclude Include="ActionMove.h">
      <Filter>GameFramework3D\Action</Filter>
    </ClInclude>
    <ClInclude Include="ActionReMove.h">
      <Filter>GameFramework3D\Action</Filter>
    </ClInclude>
    <ClInclude Include="ActionSeq.h">
      <Filter>GameFramework3D\Action</Filter>
    </ClInclude>
    <ClInclude Include="ActionStanding.h">
      <Filter>GameFramework3D\Action</Filter>
    </ClInclude>
    <ClInclude Include="ActionStun.h">
      <Filter>GameFramework3D\Action</Filter>
    </ClInclude>
    <ClInclude Include="dijkstra.h">
      <Filter>GameFramework3D\dijkstra</Filter>
    </ClInclude>
    <ClInclude Include="Node.h">
      <Filter>GameFramework3D\Node</Filter>
    </ClInclude>
    <ClInclude Include="monster.h">
      <Filter>GameFramework3D\Monster</Filter>
    </ClInclude>
    <ClInclude Include="cUILoading.h">
      <Filter>Z테스트\김만웅\04.GameUI\04.Loading%28멀티쓰레드%29</Filter>
    </ClInclude>
    <ClInclude Include="cLoadingTest.h">
      <Filter>Z테스트\김만웅\01.로딩%28멀티쓰레드%29</Filter>
    </ClInclude>
    <ClInclude Include="dxAccelerationModule.h">
      <Filter>Z테스트\이현총\dx파티클\모듈\모듈모음</Filter>
    </ClInclude>
    <ClInclude Include="dxCircleModule.h">
      <Filter>Z테스트\이현총\dx파티클\모듈\모듈모음</Filter>
    </ClInclude>
    <ClInclude Include="dxColorModule.h">
      <Filter>Z테스트\이현총\dx파티클\모듈\모듈모음</Filter>
    </ClInclude>
    <ClInclude Include="dxLifeTimeModule.h">
      <Filter>Z테스트\이현총\dx파티클\모듈\모듈모음</Filter>
    </ClInclude>
    <ClInclude Include="dxPositionModule.h">
      <Filter>Z테스트\이현총\dx파티클\모듈\모듈모음</Filter>
    </ClInclude>
    <ClInclude Include="dxRotationModule.h">
      <Filter>Z테스트\이현총\dx파티클\모듈\모듈모음</Filter>
    </ClInclude>
    <ClInclude Include="dxSizeModule.h">
      <Filter>Z테스트\이현총\dx파티클\모듈\모듈모음</Filter>
    </ClInclude>
    <ClInclude Include="dxUVModule.h">
      <Filter>Z테스트\이현총\dx파티클\모듈\모듈모음</Filter>
    </ClInclude>
    <ClInclude Include="dxVelocityModule.h">
      <Filter>Z테스트\이현총\dx파티클\모듈\모듈모음</Filter>
    </ClInclude>
    <ClInclude Include="dxModule.h">
      <Filter>Z테스트\이현총\dx파티클\모듈\모듈키트</Filter>
    </ClInclude>
    <ClInclude Include="dxModuleKit.h">
      <Filter>Z테스트\이현총\dx파티클\모듈\모듈키트</Filter>
    </ClInclude>
    <ClInclude Include="dxSkill.h">
      <Filter>Z테스트\이현총\dx스킬 매니져</Filter>
    </ClInclude>
    <ClInclude Include="dxSkillManager.h">
      <Filter>Z테스트\이현총\dx스킬 매니져</Filter>
    </ClInclude>
    <ClInclude Include="dxParticle.h">
      <Filter>Z테스트\이현총\dx파티클\파티클 매니져</Filter>
    </ClInclude>
    <ClInclude Include="dxParticleSystem.h">
      <Filter>Z테스트\이현총\dx파티클\파티클 매니져</Filter>
    </ClInclude>
    <ClInclude Include="dxParticleSystemManager.h">
      <Filter>Z테스트\이현총\dx파티클\파티클 매니져</Filter>
    </ClInclude>
    <ClInclude Include="dxParticleSystemSet.h">
      <Filter>Z테스트\이현총\dx파티클\파티클 매니져</Filter>
    </ClInclude>
    <ClInclude Include="PS_Set00.h">
      <Filter>Z테스트\이현총\!스킬 및 파티클 모음\2. 파티클 세트</Filter>
    </ClInclude>
    <ClInclude Include="particleTest04.h">
      <Filter>Z테스트\이현총\테스트용</Filter>
    </ClInclude>
    <ClInclude Include="particleTest05.h">
      <Filter>Z테스트\이현총\테스트용</Filter>
    </ClInclude>
    <ClInclude Include="particleTest06.h">
      <Filter>Z테스트\이현총\테스트용</Filter>
    </ClInclude>
    <ClInclude Include="particleTest07.h">
      <Filter>Z테스트\이현총\테스트용</Filter>
    </ClInclude>
    <ClInclude Include="particleTest08.h">
      <Filter>Z테스트\이현총\테스트용</Filter>
    </ClInclude>
    <ClInclude Include="particleTest09.h">
      <Filter>Z테스트\이현총\테스트용</Filter>
    </ClInclude>
    <ClInclude Include="particleTest10.h">
      <Filter>Z테스트\이현총\테스트용</Filter>
    </ClInclude>
    <ClInclude Include="bossActionAttack.h">
      <Filter>GameFramework3D\ActionBoss</Filter>
    </ClInclude>
    <ClInclude Include="bossActionCinema.h">
      <Filter>GameFramework3D\ActionBoss</Filter>
    </ClInclude>
    <ClInclude Include="bossActionMove.h">
      <Filter>GameFramework3D\ActionBoss</Filter>
    </ClInclude>
    <ClInclude Include="bossActionSkill.h">
      <Filter>GameFramework3D\ActionBoss</Filter>
    </ClInclude>
    <ClInclude Include="bossMonster.h">
      <Filter>GameFramework3D\Monster</Filter>
    </ClInclude>
    <ClInclude Include="bossActionSkillFire.h">
      <Filter>GameFramework3D\ActionBoss</Filter>
    </ClInclude>
    <ClInclude Include="bossActionSkillBattleRoar.h">
      <Filter>GameFramework3D\ActionBoss</Filter>
    </ClInclude>
    <ClInclude Include="bossActionSkillTailAtt.h">
      <Filter>GameFramework3D\ActionBoss</Filter>
    </ClInclude>
    <ClInclude Include="xPlayer.h">
      <Filter>Z테스트\김태훈\xPlayer</Filter>
    </ClInclude>
    <ClInclude Include="xPlayerStatus.h">
      <Filter>Z테스트\김태훈\xPlayer</Filter>
    </ClInclude>
    <ClInclude Include="bossActionFly.h">
      <Filter>GameFramework3D\ActionBoss</Filter>
    </ClInclude>
    <ClInclude Include="bossActionStanding.h">
      <Filter>GameFramework3D\ActionBoss</Filter>
    </ClInclude>
    <ClInclude Include="bossActionLanding.h">
      <Filter>GameFramework3D\ActionBoss</Filter>
    </ClInclude>
    <ClInclude Include="bossActionDie.h">
      <Filter>GameFramework3D\ActionBoss</Filter>
    </ClInclude>
    <ClInclude Include="bossActionFlyDie.h">
      <Filter>GameFramework3D\ActionBoss</Filter>
    </ClInclude>
    <ClInclude Include="kimsTestScene.h">
      <Filter>Z테스트\김태훈\xPlayer</Filter>
    </ClInclude>
    <ClInclude Include="bossActionSkillFlyStandingFire.h">
      <Filter>GameFramework3D\ActionBoss</Filter>
    </ClInclude>
    <ClInclude Include="dxSkillContainer.h">
      <Filter>Z테스트\이현총\dx스킬 매니져</Filter>
    </ClInclude>
    <ClInclude Include="dxPlaneEmitter.h">
      <Filter>Z테스트\이현총\dx파티클\이미터</Filter>
    </ClInclude>
    <ClInclude Include="dxPointEmitter.h">
      <Filter>Z테스트\이현총\dx파티클\이미터</Filter>
    </ClInclude>
    <ClInclude Include="dxMeshEmitter.h">
      <Filter>Z테스트\이현총\dx파티클\이미터</Filter>
    </ClInclude>
    <ClInclude Include="dxBoardEmitter.h">
      <Filter>Z테스트\이현총\dx파티클\이미터</Filter>
    </ClInclude>
    <ClInclude Include="dxEmitter.h">
      <Filter>Z테스트\이현총\dx파티클\이미터</Filter>
    </ClInclude>
    <ClInclude Include="PS_Set01.h">
      <Filter>Z테스트\이현총\!스킬 및 파티클 모음\2. 파티클 세트</Filter>
    </ClInclude>
    <ClInclude Include="particleTest11.h">
      <Filter>Z테스트\이현총\테스트용</Filter>
    </ClInclude>
    <ClInclude Include="particleTest12.h">
      <Filter>Z테스트\이현총\테스트용</Filter>
    </ClInclude>
    <ClInclude Include="particleTest13.h">
      <Filter>Z테스트\이현총\테스트용</Filter>
    </ClInclude>
    <ClInclude Include="bossActionSkillFlyFire.h">
      <Filter>GameFramework3D\ActionBoss</Filter>
    </ClInclude>
    <ClInclude Include="bossActionFlyMove.h">
      <Filter>GameFramework3D\ActionBoss</Filter>
    </ClInclude>
    <ClInclude Include="xNpc.h">
      <Filter>Z테스트\김태훈\xNpc</Filter>
    </ClInclude>
    <ClInclude Include="soundManager.h">
      <Filter>Z테스트\김태훈\FMOD</Filter>
    </ClInclude>
    <ClInclude Include="gameNode.h">
      <Filter>GameFramework3D\GameNode</Filter>
    </ClInclude>
    <ClInclude Include="iGameNode.h">
      <Filter>GameFramework3D\GameNode</Filter>
    </ClInclude>
    <ClInclude Include="cFilepathManager.h">
      <Filter>GameManager%28매크로%29\Filepath</Filter>
    </ClInclude>
    <ClInclude Include="cMapManager.h">
      <Filter>GameManager%28매크로%29\Map</Filter>
    </ClInclude>
    <ClInclude Include="cUIStart.h">
      <Filter>Z테스트\김만웅\04.GameUI\05.Start%28미완성%29</Filter>
    </ClInclude>
    <ClInclude Include="stdafx.h">
      <Filter>Main</Filter>
    </ClInclude>
    <ClInclude Include="startScene.h">
      <Filter>팀 포트폴리오\00.Scene\01.Start</Filter>
    </ClInclude>
    <ClInclude Include="mapToolScene.h">
      <Filter>팀 포트폴리오\00.Scene\02.Maptool</Filter>
    </ClInclude>
    <ClInclude Include="rightSmallGrid.h">
      <Filter>팀 포트폴리오\01.맵툴\1.라이트뷰\1.스몰그리드</Filter>
    </ClInclude>
    <ClInclude Include="rightView.h">
      <Filter>팀 포트폴리오\01.맵툴\1.라이트뷰\2.라이트맵툴</Filter>
    </ClInclude>
    <ClInclude Include="objectClass.h">
      <Filter>팀 포트폴리오\01.맵툴\1.라이트뷰\3.오브젝트</Filter>
    </ClInclude>
    <ClInclude Include="leftViewHead.h">
      <Filter>팀 포트폴리오\01.맵툴\2.레프트뷰\1.전체적인왼쪽뷰</Filter>
    </ClInclude>
    <ClInclude Include="terrainSc.h">
      <Filter>팀 포트폴리오\01.맵툴\2.레프트뷰\2.맵,맵텍스쳐</Filter>
    </ClInclude>
    <ClInclude Include="mapObject.h">
      <Filter>팀 포트폴리오\01.맵툴\2.레프트뷰\3.맵오브젝트</Filter>
    </ClInclude>
    <ClInclude Include="WaterTerrain.h">
      <Filter>팀 포트폴리오\01.맵툴\2.레프트뷰\5.물</Filter>
    </ClInclude>
    <ClInclude Include="Environment.h">
      <Filter>GameFramework3D\Environment</Filter>
    </ClInclude>
    <ClInclude Include="kimsNewTest.h">
      <Filter>Z테스트\김태훈\xPlayer</Filter>
    </ClInclude>
    <ClInclude Include="cTerrainTest.h">
      <Filter>Z테스트\김만웅\02.지형테스트</Filter>
    </ClInclude>
    <ClInclude Include="cImageTest.h">
      <Filter>Z테스트\김만웅\03.이미지테스트</Filter>
    </ClInclude>
    <ClInclude Include="cDxImg.h">
      <Filter>GameFramework3D\DxImg</Filter>
    </ClInclude>
    <ClInclude Include="cDxImgManager.h">
      <Filter>GameManager%28매크로%29\DxImg</Filter>
    </ClInclude>
    <ClInclude Include="cDxImgAniManager.h">
      <Filter>GameManager%28매크로%29\DxImg</Filter>
    </ClInclude>
    <ClInclude Include="cXmeshManager.h">
      <Filter>GameManager%28매크로%29\Xmesh</Filter>
    </ClInclude>
    <ClInclude Include="SK_Effect00.h">
      <Filter>Z테스트\이현총\!스킬 및 파티클 모음\1. 스킬모음\3. 이펙트 모음</Filter>
    </ClInclude>
    <ClInclude Include="skBoss_Breath.h">
      <Filter>Z테스트\이현총\!스킬 및 파티클 모음\1. 스킬모음\1. 보스 스킬</Filter>
    </ClInclude>
    <ClInclude Include="skBoss_GrandMagic.h">
      <Filter>Z테스트\이현총\!스킬 및 파티클 모음\1. 스킬모음\1. 보스 스킬</Filter>
    </ClInclude>
    <ClInclude Include="skBoss_Shouting.h">
      <Filter>Z테스트\이현총\!스킬 및 파티클 모음\1. 스킬모음\1. 보스 스킬</Filter>
    </ClInclude>
    <ClInclude Include="skPlayer_MagicShoot.h">
      <Filter>Z테스트\이현총\!스킬 및 파티클 모음\1. 스킬모음\2. 플레이어 스킬</Filter>
    </ClInclude>
    <ClInclude Include="skPlayer_Heal.h">
      <Filter>Z테스트\이현총\!스킬 및 파티클 모음\1. 스킬모음\2. 플레이어 스킬</Filter>
    </ClInclude>
    <ClInclude Include="SK00.h">
      <Filter>Z테스트\이현총\!스킬 및 파티클 모음\1. 스킬모음\기타 테스트용</Filter>
    </ClInclude>
    <ClInclude Include="psBossSet00.h">
      <Filter>Z테스트\이현총\!스킬 및 파티클 모음\2. 파티클 세트</Filter>
    </ClInclude>
    <ClInclude Include="psEffectSet00.h">
      <Filter>Z테스트\이현총\!스킬 및 파티클 모음\2. 파티클 세트</Filter>
    </ClInclude>
    <ClInclude Include="psPlayerSet00.h">
      <Filter>Z테스트\이현총\!스킬 및 파티클 모음\2. 파티클 세트</Filter>
    </ClInclude>
    <ClInclude Include="dxParticleTextureManager.h">
      <Filter>Z테스트\이현총\dx파티클\파티클 텍스쳐 매니저</Filter>
    </ClInclude>
    <ClInclude Include="dxParticleTexture.h">
      <Filter>Z테스트\이현총\dx파티클\파티클 텍스쳐 매니저</Filter>
    </ClInclude>
    <ClInclude Include="cXmeshManager.h">
      <Filter>GameManager%28매크로%29\Xmesh</Filter>
    </ClInclude>
    <ClInclude Include="cButtonTest.h">
      <Filter>Z테스트\김만웅\05.UI 재설계</Filter>
    </ClInclude>
    <ClInclude Include="skill00.h">
      <Filter>Z테스트\이현총\테스트용 스킬</Filter>
    </ClInclude>
    <ClInclude Include="skill00_01.h">
      <Filter>Z테스트\이현총\테스트용 스킬</Filter>
    </ClInclude>
    <ClInclude Include="skill00_02.h">
      <Filter>Z테스트\이현총\테스트용 스킬</Filter>
    </ClInclude>
    <ClInclude Include="skill00_03.h">
      <Filter>Z테스트\이현총\테스트용 스킬</Filter>
    </ClInclude>
    <ClInclude Include="ActionManager.h">
      <Filter>GameFramework3D\Action\ActionManager</Filter>
    </ClInclude>
    <ClInclude Include="stageOne.h">
      <Filter>팀 포트폴리오\00.Scene\03.Stage1</Filter>
    </ClInclude>
    <ClInclude Include="stageTwo.h">
      <Filter>팀 포트폴리오\00.Scene\04.Stage2</Filter>
    </ClInclude>
    <ClInclude Include="stageThree.h">
      <Filter>팀 포트폴리오\00.Scene\05.Stage3</Filter>
    </ClInclude>
    <ClInclude Include="Text.h">
      <Filter>Z테스트\이현수</Filter>
    </ClInclude>
    <ClInclude Include="CinematicManger.h">
      <Filter>Z테스트\김태승</Filter>
    </ClInclude>
    <ClInclude Include="cubeLight.h">
      <Filter>Z테스트\김태훈</Filter>
    </ClInclude>
    <ClInclude Include="cDxImgButton.h">
      <Filter>팀 포트폴리오\02.UI</Filter>
    </ClInclude>
    <ClInclude Include="cUIManager.h">
      <Filter>GameManager%28매크로%29\UI</Filter>
    </ClInclude>
    <ClInclude Include="cDxImgBar.h">
      <Filter>팀 포트폴리오\02.UI</Filter>
    </ClInclude>
    <ClInclude Include="cDxImgUI.h">
      <Filter>팀 포트폴리오\02.UI</Filter>
    </ClInclude>
    <ClInclude Include="cBarTest.h">
      <Filter>Z테스트\김만웅\05.UI 재설계</Filter>
    </ClInclude>
    <ClInclude Include="cGameUITest.h">
      <Filter>Z테스트\김만웅\06.게임UI</Filter>
    </ClInclude>
    <ClInclude Include="cMinimapTest.h">
      <Filter>Z테스트\김만웅\07.미니맵</Filter>
    </ClInclude>
    <ClInclude Include="cMinimapTest2.h">
      <Filter>Z테스트\김만웅\07.미니맵</Filter>
    </ClInclude>
    <ClInclude Include="cCameraTest.h">
      <Filter>Z테스트\김만웅\08.카메라 제어</Filter>
    </ClInclude>
    <ClInclude Include="damageText.h">
      <Filter>Z테스트\이현수</Filter>
    </ClInclude>
    <ClInclude Include="dxEffect.h">
      <Filter>Z테스트\이현총\dx이펙트 매니저</Filter>
    </ClInclude>
    <ClInclude Include="dxEffectManager.h">
      <Filter>Z테스트\이현총\dx이펙트 매니저</Filter>
    </ClInclude>
    <ClInclude Include="dxBeamEmitter.h">
      <Filter>Z테스트\이현총\dx파티클\이미터</Filter>
    </ClInclude>
    <ClInclude Include="dxCylinderEmitter.h">
      <Filter>Z테스트\이현총\dx파티클\이미터</Filter>
    </ClInclude>
    <ClInclude Include="skPlayer_Shield.h">
      <Filter>Z테스트\이현총\!스킬 및 파티클 모음\1. 스킬모음\2. 플레이어 스킬</Filter>
    </ClInclude>
    <ClInclude Include="skPlayer_FireMagic.h">
      <Filter>Z테스트\이현총\!스킬 및 파티클 모음\1. 스킬모음\2. 플레이어 스킬</Filter>
    </ClInclude>
    <ClInclude Include="skPlayer_Lightning.h">
      <Filter>Z테스트\이현총\!스킬 및 파티클 모음\1. 스킬모음\2. 플레이어 스킬</Filter>
    </ClInclude>
    <ClInclude Include="cUITestChatting.h">
      <Filter>Z테스트\김만웅\09.UI적용 및 테스트</Filter>
    </ClInclude>
    <ClInclude Include="cUserInterfaceTest.h">
      <Filter>Z테스트\김만웅\09.UI적용 및 테스트</Filter>
    </ClInclude>
    <ClInclude Include="cUserInterfaceTest2.h">
      <Filter>Z테스트\김만웅\09.UI적용 및 테스트</Filter>
    </ClInclude>
    <ClInclude Include="medicineShop.h">
      <Filter>팀 포트폴리오\03.상점\물약상점</Filter>
    </ClInclude>
    <ClInclude Include="weapon.h">
      <Filter>팀 포트폴리오\03.상점\방어구,무기,물약</Filter>
    </ClInclude>
    <ClInclude Include="shopHead.h">
      <Filter>팀 포트폴리오\03.상점\헤드</Filter>
    </ClInclude>
    <ClInclude Include="shop.h">
      <Filter>팀 포트폴리오\03.상점\방어,무기상점</Filter>
    </ClInclude>
    <ClInclude Include="medicine.h">
      <Filter>팀 포트폴리오\03.상점\방어구,무기,물약</Filter>
    </ClInclude>
    <ClInclude Include="item.h">
      <Filter>팀 포트폴리오\03.상점\방어구,무기,물약</Filter>
    </ClInclude>
    <ClInclude Include="force.h">
      <Filter>팀 포트폴리오\03.상점\대장간</Filter>
    </ClInclude>
    <ClInclude Include="armor.h">
      <Filter>팀 포트폴리오\03.상점\방어구,무기,물약</Filter>
    </ClInclude>
    <ClInclude Include="playerItem.h">
      <Filter>팀 포트폴리오\03.상점\플레이어창</Filter>
    </ClInclude>
    <ClInclude Include="inven.h">
      <Filter>팀 포트폴리오\03.상점\인벤토리</Filter>
    </ClInclude>
    <ClInclude Include="cUIShopSlot.h">
      <Filter>팀 포트폴리오\02.UI\상점슬롯</Filter>
    </ClInclude>
    <ClInclude Include="cUIPlayer.h">
      <Filter>팀 포트폴리오\02.UI\플레이어</Filter>
    </ClInclude>
    <ClInclude Include="cUIchatting.h">
      <Filter>팀 포트폴리오\02.UI\채팅</Filter>
    </ClInclude>
    <ClInclude Include="ioHeightManager.h">
      <Filter>팀 포트폴리오\01.맵툴\3.IO매니져\높이</Filter>
    </ClInclude>
    <ClInclude Include="ioMapManager.h">
      <Filter>팀 포트폴리오\01.맵툴\3.IO매니져\맵</Filter>
    </ClInclude>
    <ClInclude Include="ioSaveCinemaManger.h">
      <Filter>팀 포트폴리오\01.맵툴\3.IO매니져\시네마</Filter>
    </ClInclude>
    <ClInclude Include="ioSaveManager.h">
      <Filter>팀 포트폴리오\01.맵툴\3.IO매니져\세이브</Filter>
    </ClInclude>
    <ClInclude Include="ioSaveMonsterManger.h">
      <Filter>팀 포트폴리오\01.맵툴\3.IO매니져\몬스터</Filter>
    </ClInclude>
    <ClInclude Include="ioSaveNodeManager.h">
      <Filter>팀 포트폴리오\01.맵툴\3.IO매니져\노드</Filter>
    </ClInclude>
    <ClInclude Include="ioSaveObjectManager.h">
      <Filter>팀 포트폴리오\01.맵툴\3.IO매니져\오브젝트</Filter>
    </ClInclude>
    <ClInclude Include="ioSaveNameManager.h">
      <Filter>팀 포트폴리오\01.맵툴\3.IO매니져\이름</Filter>
    </ClInclude>
    <ClInclude Include="Tportal.h">
      <Filter>팀 포트폴리오\01.맵툴\2.레프트뷰\4.포탈</Filter>
    </ClInclude>
    <ClInclude Include="cRegistBase.h">
      <Filter>Main</Filter>
    </ClInclude>
    <ClInclude Include="loadingScene.h">
      <Filter>Main</Filter>
    </ClInclude>
    <ClInclude Include="cAniTest.h">
      <Filter>Z테스트\김태승</Filter>
    </ClInclude>
  </ItemGroup>
  <ItemGroup>
    <None Include="Texture_Gray.fx">
      <Filter>FX Files</Filter>
    </None>
    <None Include="Texture_Mask.fx">
      <Filter>FX Files</Filter>
    </None>
    <None Include="Texture_Terrain.fx">
      <Filter>FX Files</Filter>
    </None>
    <None Include="TextureAlpha.fx">
      <Filter>FX Files</Filter>
    </None>
    <None Include="TextureBlinn.fx">
      <Filter>FX Files</Filter>
    </None>
    <None Include="TextureNormal.fx">
      <Filter>FX Files</Filter>
    </None>
    <None Include="TextureNormal2.fx">
      <Filter>FX Files</Filter>
    </None>
    <None Include="리소스\FX\EnvironmentCUBE.fx">
      <Filter>FX Files</Filter>
    </None>
    <None Include="Resources\Shaders\AddLight.fx">
      <Filter>FX Files</Filter>
    </None>
    <None Include="Resources\Shaders\BlinnPhong.fx">
      <Filter>FX Files</Filter>
    </None>
    <None Include="Resources\Shaders\Distort_1.fx">
      <Filter>FX Files</Filter>
    </None>
    <None Include="Resources\Shaders\EnvironmentCube.fx">
      <Filter>FX Files</Filter>
    </None>
    <None Include="Resources\Shaders\GrassMesh.fx">
      <Filter>FX Files</Filter>
    </None>
    <None Include="Resources\Shaders\HLSL_LambertLighting.fx">
      <Filter>FX Files</Filter>
    </None>
    <None Include="Resources\Shaders\HLSL_VertexSpecular.fx">
      <Filter>FX Files</Filter>
    </None>
    <None Include="Resources\Shaders\HSLS_BaseColor.fx">
      <Filter>FX Files</Filter>
    </None>
    <None Include="Resources\Shaders\ModelPixel.fx">
      <Filter>FX Files</Filter>
    </None>
    <None Include="Resources\Shaders\Phong.fx">
      <Filter>FX Files</Filter>
    </None>
    <None Include="Resources\Shaders\PostEffect.fx">
      <Filter>FX Files</Filter>
    </None>
    <None Include="Resources\Shaders\SkinnedMesh.fx">
      <Filter>FX Files</Filter>
    </None>
    <None Include="Resources\Shaders\SkinnedMesh0.fx">
      <Filter>FX Files</Filter>
    </None>
    <None Include="Resources\Shaders\StaticMesh.fx">
      <Filter>FX Files</Filter>
    </None>
    <None Include="Resources\Shaders\StaticMesh_master.fx">
      <Filter>FX Files</Filter>
    </None>
    <None Include="Resources\Shaders\StaticMesh2.fx">
      <Filter>FX Files</Filter>
    </None>
    <None Include="Resources\Shaders\TerrainBase.fx">
      <Filter>FX Files</Filter>
    </None>
    <None Include="Resources\Shaders\Texture.fx">
      <Filter>FX Files</Filter>
    </None>
    <None Include="Resources\Shaders\Texture_Gray.fx">
      <Filter>FX Files</Filter>
    </None>
    <None Include="Resources\Shaders\Texture_Mask.fx">
      <Filter>FX Files</Filter>
    </None>
    <None Include="Resources\Shaders\Texture_Terrain.fx">
      <Filter>FX Files</Filter>
    </None>
    <None Include="Resources\Shaders\TextureAlpha.fx">
      <Filter>FX Files</Filter>
    </None>
    <None Include="Resources\Shaders\TextureBlinn.fx">
      <Filter>FX Files</Filter>
    </None>
    <None Include="Resources\Shaders\TextureNormal.fx">
      <Filter>FX Files</Filter>
    </None>
    <None Include="Resources\Shaders\TextureNormal2.fx">
      <Filter>FX Files</Filter>
    </None>
    <None Include="Resources\Shaders\TreeMesh.fx">
      <Filter>FX Files</Filter>
    </None>
  </ItemGroup>
</Project>